
Microsoft Visual Studio Solution File, Format Version 12.00
# Visual Studio Version 17
VisualStudioVersion = 17.0.31903.59
MinimumVisualStudioVersion = 10.0.40219.1
Project("{FAE04EC0-301F-11D3-BF4B-00C04F79EFBC}") = "API", "API\API.csproj", "{36A9B23A-369C-49E0-ACF5-6794736EC776}"
EndProject
Project("{FAE04EC0-301F-11D3-BF4B-00C04F79EFBC}") = "Application", "Application\Application.csproj", "{F6B59D7A-35E7-427B-B70B-E05A13C7740F}"
EndProject
Project("{FAE04EC0-301F-11D3-BF4B-00C04F79EFBC}") = "Domain", "Domain\Domain.csproj", "{B14FC4E3-922E-487F-AF38-FA1163D6F4A1}"
EndProject
Project("{FAE04EC0-301F-11D3-BF4B-00C04F79EFBC}") = "Persistance", "Persistance\Persistance.csproj", "{B602BE3A-B1CF-483A-895C-4BA6837F6E92}"
EndProject
Global
	GlobalSection(SolutionConfigurationPlatforms) = preSolution
		Debug|Any CPU = Debug|Any CPU
		Release|Any CPU = Release|Any CPU
	EndGlobalSection
	GlobalSection(SolutionProperties) = preSolution
		HideSolutionNode = FALSE
	EndGlobalSection
	GlobalSection(ProjectConfigurationPlatforms) = postSolution
		{36A9B23A-369C-49E0-ACF5-6794736EC776}.Debug|Any CPU.ActiveCfg = Debug|Any CPU
		{36A9B23A-369C-49E0-ACF5-6794736EC776}.Debug|Any CPU.Build.0 = Debug|Any CPU
		{36A9B23A-369C-49E0-ACF5-6794736EC776}.Release|Any CPU.ActiveCfg = Release|Any CPU
		{36A9B23A-369C-49E0-ACF5-6794736EC776}.Release|Any CPU.Build.0 = Release|Any CPU
		{F6B59D7A-35E7-427B-B70B-E05A13C7740F}.Debug|Any CPU.ActiveCfg = Debug|Any CPU
		{F6B59D7A-35E7-427B-B70B-E05A13C7740F}.Debug|Any CPU.Build.0 = Debug|Any CPU
		{F6B59D7A-35E7-427B-B70B-E05A13C7740F}.Release|Any CPU.ActiveCfg = Release|Any CPU
		{F6B59D7A-35E7-427B-B70B-E05A13C7740F}.Release|Any CPU.Build.0 = Release|Any CPU
		{B14FC4E3-922E-487F-AF38-FA1163D6F4A1}.Debug|Any CPU.ActiveCfg = Debug|Any CPU
		{B14FC4E3-922E-487F-AF38-FA1163D6F4A1}.Debug|Any CPU.Build.0 = Debug|Any CPU
		{B14FC4E3-922E-487F-AF38-FA1163D6F4A1}.Release|Any CPU.ActiveCfg = Release|Any CPU
		{B14FC4E3-922E-487F-AF38-FA1163D6F4A1}.Release|Any CPU.Build.0 = Release|Any CPU
		{B602BE3A-B1CF-483A-895C-4BA6837F6E92}.Debug|Any CPU.ActiveCfg = Debug|Any CPU
		{B602BE3A-B1CF-483A-895C-4BA6837F6E92}.Debug|Any CPU.Build.0 = Debug|Any CPU
		{B602BE3A-B1CF-483A-895C-4BA6837F6E92}.Release|Any CPU.ActiveCfg = Release|Any CPU
		{B602BE3A-B1CF-483A-895C-4BA6837F6E92}.Release|Any CPU.Build.0 = Release|Any CPU
	EndGlobalSection
EndGlobal
